
Microsoft Visual Studio Solution File, Format Version 12.00
# Visual Studio Version 17
VisualStudioVersion = 17.4.33110.190
MinimumVisualStudioVersion = 10.0.40219.1
Project("{8BC9CEB8-8B4A-11D0-8D11-00A0C91BC942}") = "Day01_HelloWorld", "Day01_HelloWorld\Day01_HelloWorld.vcxproj", "{EBC31ACC-E0ED-4F4B-961A-58CAE2DF9997}"
EndProject
Project("{8BC9CEB8-8B4A-11D0-8D11-00A0C91BC942}") = "Day02_变量、常量和数据类型", "Day02_变量、常量和数据类型\Day02_变量、常量和数据类型.vcxproj", "{3091BA9F-A645-4D11-BE0A-D00CD9886318}"
EndProject
Project("{8BC9CEB8-8B4A-11D0-8D11-00A0C91BC942}") = "Day03_运算符和分支循环语句", "Day03_运算符和分支循环语句\Day03_运算符和分支循环语句.vcxproj", "{756573AB-5353-4C35-875C-73695D1776BF}"
EndProject
Project("{8BC9CEB8-8B4A-11D0-8D11-00A0C91BC942}") = "Day04_for循环和数组冒泡排序", "Day04_for循环和数组冒泡排序\Day04_for循环和数组冒泡排序.vcxproj", "{1DD424B3-9317-4714-95E3-6B7B9A8AAB16}"
EndProject
Project("{8BC9CEB8-8B4A-11D0-8D11-00A0C91BC942}") = "Day05_多文件联编", "Day05_多文件联编\Day05_多文件联编.vcxproj", "{16BB13E6-E0BC-4C94-A84F-3600D3F399AB}"
EndProject
Project("{8BC9CEB8-8B4A-11D0-8D11-00A0C91BC942}") = "Day05_二维数组、字符串、函数", "Day05_二维数组、字符串、函数\Day05_二维数组、字符串、函数.vcxproj", "{CFEBBF37-5C6D-4E6F-B777-727C9E54AD26}"
EndProject
Project("{8BC9CEB8-8B4A-11D0-8D11-00A0C91BC942}") = "Day06_多文件联编巩固", "Day06_多文件联编巩固\Day06_多文件联编巩固.vcxproj", "{480D7C29-A676-4A80-85A9-126381AAB1EB}"
EndProject
Project("{8BC9CEB8-8B4A-11D0-8D11-00A0C91BC942}") = "Day06_指针基础", "Day06_指针基础\Day06_指针基础.vcxproj", "{C506F5C1-0853-4509-A051-6DC5E06EA45C}"
EndProject
Project("{8BC9CEB8-8B4A-11D0-8D11-00A0C91BC942}") = "Day07_指针和字符串", "Day07_指针和字符串\Day07_指针和字符串.vcxproj", "{E33CDC1A-3099-4B6A-BA71-4AB7710D9169}"
EndProject
Project("{8BC9CEB8-8B4A-11D0-8D11-00A0C91BC942}") = "Day08_字符串和内存", "Day08_字符串和内存\Day08_字符串和内存.vcxproj", "{050F2566-125B-4A23-9DF8-BCCFD2F56F5E}"
EndProject
Project("{8BC9CEB8-8B4A-11D0-8D11-00A0C91BC942}") = "Day08_字符串专项", "Day08_字符串专项\Day08_字符串专项.vcxproj", "{64118A13-4173-4843-BAB9-90624DC211CF}"
EndProject
Project("{8BC9CEB8-8B4A-11D0-8D11-00A0C91BC942}") = "Day09_结构体", "Day09_结构体\Day09_结构体.vcxproj", "{FCCFD096-1415-4851-9BAF-1129E37C944A}"
EndProject
Project("{8BC9CEB8-8B4A-11D0-8D11-00A0C91BC942}") = "Day10_文件操作上", "Day10_文件操作上\Day10_文件操作上.vcxproj", "{AEDC0425-761B-4893-B5A2-E2BD7633A0F9}"
EndProject
Project("{8BC9CEB8-8B4A-11D0-8D11-00A0C91BC942}") = "Day11_文件操作下", "Day11_文件操作下\Day11_文件操作下.vcxproj", "{FC734650-1874-4C2E-A8CD-27344D91AAB1}"
EndProject
Project("{8BC9CEB8-8B4A-11D0-8D11-00A0C91BC942}") = "Day12_贪吃蛇小游戏", "Day12_贪吃蛇小游戏\Day12_贪吃蛇小游戏.vcxproj", "{06631B19-D12A-4410-A123-EC56670C0E0D}"
EndProject
Global
	GlobalSection(SolutionConfigurationPlatforms) = preSolution
		Debug|x64 = Debug|x64
		Debug|x86 = Debug|x86
		Release|x64 = Release|x64
		Release|x86 = Release|x86
	EndGlobalSection
	GlobalSection(ProjectConfigurationPlatforms) = postSolution
		{EBC31ACC-E0ED-4F4B-961A-58CAE2DF9997}.Debug|x64.ActiveCfg = Debug|x64
		{EBC31ACC-E0ED-4F4B-961A-58CAE2DF9997}.Debug|x64.Build.0 = Debug|x64
		{EBC31ACC-E0ED-4F4B-961A-58CAE2DF9997}.Debug|x86.ActiveCfg = Debug|Win32
		{EBC31ACC-E0ED-4F4B-961A-58CAE2DF9997}.Debug|x86.Build.0 = Debug|Win32
		{EBC31ACC-E0ED-4F4B-961A-58CAE2DF9997}.Release|x64.ActiveCfg = Release|x64
		{EBC31ACC-E0ED-4F4B-961A-58CAE2DF9997}.Release|x64.Build.0 = Release|x64
		{EBC31ACC-E0ED-4F4B-961A-58CAE2DF9997}.Release|x86.ActiveCfg = Release|Win32
		{EBC31ACC-E0ED-4F4B-961A-58CAE2DF9997}.Release|x86.Build.0 = Release|Win32
		{3091BA9F-A645-4D11-BE0A-D00CD9886318}.Debug|x64.ActiveCfg = Debug|x64
		{3091BA9F-A645-4D11-BE0A-D00CD9886318}.Debug|x64.Build.0 = Debug|x64
		{3091BA9F-A645-4D11-BE0A-D00CD9886318}.Debug|x86.ActiveCfg = Debug|Win32
		{3091BA9F-A645-4D11-BE0A-D00CD9886318}.Debug|x86.Build.0 = Debug|Win32
		{3091BA9F-A645-4D11-BE0A-D00CD9886318}.Release|x64.ActiveCfg = Release|x64
		{3091BA9F-A645-4D11-BE0A-D00CD9886318}.Release|x64.Build.0 = Release|x64
		{3091BA9F-A645-4D11-BE0A-D00CD9886318}.Release|x86.ActiveCfg = Release|Win32
		{3091BA9F-A645-4D11-BE0A-D00CD9886318}.Release|x86.Build.0 = Release|Win32
		{756573AB-5353-4C35-875C-73695D1776BF}.Debug|x64.ActiveCfg = Debug|x64
		{756573AB-5353-4C35-875C-73695D1776BF}.Debug|x64.Build.0 = Debug|x64
		{756573AB-5353-4C35-875C-73695D1776BF}.Debug|x86.ActiveCfg = Debug|Win32
		{756573AB-5353-4C35-875C-73695D1776BF}.Debug|x86.Build.0 = Debug|Win32
		{756573AB-5353-4C35-875C-73695D1776BF}.Release|x64.ActiveCfg = Release|x64
		{756573AB-5353-4C35-875C-73695D1776BF}.Release|x64.Build.0 = Release|x64
		{756573AB-5353-4C35-875C-73695D1776BF}.Release|x86.ActiveCfg = Release|Win32
		{756573AB-5353-4C35-875C-73695D1776BF}.Release|x86.Build.0 = Release|Win32
		{1DD424B3-9317-4714-95E3-6B7B9A8AAB16}.Debug|x64.ActiveCfg = Debug|x64
		{1DD424B3-9317-4714-95E3-6B7B9A8AAB16}.Debug|x64.Build.0 = Debug|x64
		{1DD424B3-9317-4714-95E3-6B7B9A8AAB16}.Debug|x86.ActiveCfg = Debug|Win32
		{1DD424B3-9317-4714-95E3-6B7B9A8AAB16}.Debug|x86.Build.0 = Debug|Win32
		{1DD424B3-9317-4714-95E3-6B7B9A8AAB16}.Release|x64.ActiveCfg = Release|x64
		{1DD424B3-9317-4714-95E3-6B7B9A8AAB16}.Release|x64.Build.0 = Release|x64
		{1DD424B3-9317-4714-95E3-6B7B9A8AAB16}.Release|x86.ActiveCfg = Release|Win32
		{1DD424B3-9317-4714-95E3-6B7B9A8AAB16}.Release|x86.Build.0 = Release|Win32
		{16BB13E6-E0BC-4C94-A84F-3600D3F399AB}.Debug|x64.ActiveCfg = Debug|x64
		{16BB13E6-E0BC-4C94-A84F-3600D3F399AB}.Debug|x64.Build.0 = Debug|x64
		{16BB13E6-E0BC-4C94-A84F-3600D3F399AB}.Debug|x86.ActiveCfg = Debug|Win32
		{16BB13E6-E0BC-4C94-A84F-3600D3F399AB}.Debug|x86.Build.0 = Debug|Win32
		{16BB13E6-E0BC-4C94-A84F-3600D3F399AB}.Release|x64.ActiveCfg = Release|x64
		{16BB13E6-E0BC-4C94-A84F-3600D3F399AB}.Release|x64.Build.0 = Release|x64
		{16BB13E6-E0BC-4C94-A84F-3600D3F399AB}.Release|x86.ActiveCfg = Release|Win32
		{16BB13E6-E0BC-4C94-A84F-3600D3F399AB}.Release|x86.Build.0 = Release|Win32
		{CFEBBF37-5C6D-4E6F-B777-727C9E54AD26}.Debug|x64.ActiveCfg = Debug|x64
		{CFEBBF37-5C6D-4E6F-B777-727C9E54AD26}.Debug|x64.Build.0 = Debug|x64
		{CFEBBF37-5C6D-4E6F-B777-727C9E54AD26}.Debug|x86.ActiveCfg = Debug|Win32
		{CFEBBF37-5C6D-4E6F-B777-727C9E54AD26}.Debug|x86.Build.0 = Debug|Win32
		{CFEBBF37-5C6D-4E6F-B777-727C9E54AD26}.Release|x64.ActiveCfg = Release|x64
		{CFEBBF37-5C6D-4E6F-B777-727C9E54AD26}.Release|x64.Build.0 = Release|x64
		{CFEBBF37-5C6D-4E6F-B777-727C9E54AD26}.Release|x86.ActiveCfg = Release|Win32
		{CFEBBF37-5C6D-4E6F-B777-727C9E54AD26}.Release|x86.Build.0 = Release|Win32
		{480D7C29-A676-4A80-85A9-126381AAB1EB}.Debug|x64.ActiveCfg = Debug|x64
		{480D7C29-A676-4A80-85A9-126381AAB1EB}.Debug|x64.Build.0 = Debug|x64
		{480D7C29-A676-4A80-85A9-126381AAB1EB}.Debug|x86.ActiveCfg = Debug|Win32
		{480D7C29-A676-4A80-85A9-126381AAB1EB}.Debug|x86.Build.0 = Debug|Win32
		{480D7C29-A676-4A80-85A9-126381AAB1EB}.Release|x64.ActiveCfg = Release|x64
		{480D7C29-A676-4A80-85A9-126381AAB1EB}.Release|x64.Build.0 = Release|x64
		{480D7C29-A676-4A80-85A9-126381AAB1EB}.Release|x86.ActiveCfg = Release|Win32
		{480D7C29-A676-4A80-85A9-126381AAB1EB}.Release|x86.Build.0 = Release|Win32
		{C506F5C1-0853-4509-A051-6DC5E06EA45C}.Debug|x64.ActiveCfg = Debug|x64
		{C506F5C1-0853-4509-A051-6DC5E06EA45C}.Debug|x64.Build.0 = Debug|x64
		{C506F5C1-0853-4509-A051-6DC5E06EA45C}.Debug|x86.ActiveCfg = Debug|Win32
		{C506F5C1-0853-4509-A051-6DC5E06EA45C}.Debug|x86.Build.0 = Debug|Win32
		{C506F5C1-0853-4509-A051-6DC5E06EA45C}.Release|x64.ActiveCfg = Release|x64
		{C506F5C1-0853-4509-A051-6DC5E06EA45C}.Release|x64.Build.0 = Release|x64
		{C506F5C1-0853-4509-A051-6DC5E06EA45C}.Release|x86.ActiveCfg = Release|Win32
		{C506F5C1-0853-4509-A051-6DC5E06EA45C}.Release|x86.Build.0 = Release|Win32
		{E33CDC1A-3099-4B6A-BA71-4AB7710D9169}.Debug|x64.ActiveCfg = Debug|x64
		{E33CDC1A-3099-4B6A-BA71-4AB7710D9169}.Debug|x64.Build.0 = Debug|x64
		{E33CDC1A-3099-4B6A-BA71-4AB7710D9169}.Debug|x86.ActiveCfg = Debug|Win32
		{E33CDC1A-3099-4B6A-BA71-4AB7710D9169}.Debug|x86.Build.0 = Debug|Win32
		{E33CDC1A-3099-4B6A-BA71-4AB7710D9169}.Release|x64.ActiveCfg = Release|x64
		{E33CDC1A-3099-4B6A-BA71-4AB7710D9169}.Release|x64.Build.0 = Release|x64
		{E33CDC1A-3099-4B6A-BA71-4AB7710D9169}.Release|x86.ActiveCfg = Release|Win32
		{E33CDC1A-3099-4B6A-BA71-4AB7710D9169}.Release|x86.Build.0 = Release|Win32
		{050F2566-125B-4A23-9DF8-BCCFD2F56F5E}.Debug|x64.ActiveCfg = Debug|x64
		{050F2566-125B-4A23-9DF8-BCCFD2F56F5E}.Debug|x64.Build.0 = Debug|x64
		{050F2566-125B-4A23-9DF8-BCCFD2F56F5E}.Debug|x86.ActiveCfg = Debug|Win32
		{050F2566-125B-4A23-9DF8-BCCFD2F56F5E}.Debug|x86.Build.0 = Debug|Win32
		{050F2566-125B-4A23-9DF8-BCCFD2F56F5E}.Release|x64.ActiveCfg = Release|x64
		{050F2566-125B-4A23-9DF8-BCCFD2F56F5E}.Release|x64.Build.0 = Release|x64
		{050F2566-125B-4A23-9DF8-BCCFD2F56F5E}.Release|x86.ActiveCfg = Release|Win32
		{050F2566-125B-4A23-9DF8-BCCFD2F56F5E}.Release|x86.Build.0 = Release|Win32
		{64118A13-4173-4843-BAB9-90624DC211CF}.Debug|x64.ActiveCfg = Debug|x64
		{64118A13-4173-4843-BAB9-90624DC211CF}.Debug|x64.Build.0 = Debug|x64
		{64118A13-4173-4843-BAB9-90624DC211CF}.Debug|x86.ActiveCfg = Debug|Win32
		{64118A13-4173-4843-BAB9-90624DC211CF}.Debug|x86.Build.0 = Debug|Win32
		{64118A13-4173-4843-BAB9-90624DC211CF}.Release|x64.ActiveCfg = Release|x64
		{64118A13-4173-4843-BAB9-90624DC211CF}.Release|x64.Build.0 = Release|x64
		{64118A13-4173-4843-BAB9-90624DC211CF}.Release|x86.ActiveCfg = Release|Win32
		{64118A13-4173-4843-BAB9-90624DC211CF}.Release|x86.Build.0 = Release|Win32
		{FCCFD096-1415-4851-9BAF-1129E37C944A}.Debug|x64.ActiveCfg = Debug|x64
		{FCCFD096-1415-4851-9BAF-1129E37C944A}.Debug|x64.Build.0 = Debug|x64
		{FCCFD096-1415-4851-9BAF-1129E37C944A}.Debug|x86.ActiveCfg = Debug|Win32
		{FCCFD096-1415-4851-9BAF-1129E37C944A}.Debug|x86.Build.0 = Debug|Win32
		{FCCFD096-1415-4851-9BAF-1129E37C944A}.Release|x64.ActiveCfg = Release|x64
		{FCCFD096-1415-4851-9BAF-1129E37C944A}.Release|x64.Build.0 = Release|x64
		{FCCFD096-1415-4851-9BAF-1129E37C944A}.Release|x86.ActiveCfg = Release|Win32
		{FCCFD096-1415-4851-9BAF-1129E37C944A}.Release|x86.Build.0 = Release|Win32
		{AEDC0425-761B-4893-B5A2-E2BD7633A0F9}.Debug|x64.ActiveCfg = Debug|x64
		{AEDC0425-761B-4893-B5A2-E2BD7633A0F9}.Debug|x64.Build.0 = Debug|x64
		{AEDC0425-761B-4893-B5A2-E2BD7633A0F9}.Debug|x86.ActiveCfg = Debug|Win32
		{AEDC0425-761B-4893-B5A2-E2BD7633A0F9}.Debug|x86.Build.0 = Debug|Win32
		{AEDC0425-761B-4893-B5A2-E2BD7633A0F9}.Release|x64.ActiveCfg = Release|x64
		{AEDC0425-761B-4893-B5A2-E2BD7633A0F9}.Release|x64.Build.0 = Release|x64
		{AEDC0425-761B-4893-B5A2-E2BD7633A0F9}.Release|x86.ActiveCfg = Release|Win32
		{AEDC0425-761B-4893-B5A2-E2BD7633A0F9}.Release|x86.Build.0 = Release|Win32
		{FC734650-1874-4C2E-A8CD-27344D91AAB1}.Debug|x64.ActiveCfg = Debug|x64
		{FC734650-1874-4C2E-A8CD-27344D91AAB1}.Debug|x64.Build.0 = Debug|x64
		{FC734650-1874-4C2E-A8CD-27344D91AAB1}.Debug|x86.ActiveCfg = Debug|Win32
		{FC734650-1874-4C2E-A8CD-27344D91AAB1}.Debug|x86.Build.0 = Debug|Win32
		{FC734650-1874-4C2E-A8CD-27344D91AAB1}.Release|x64.ActiveCfg = Release|x64
		{FC734650-1874-4C2E-A8CD-27344D91AAB1}.Release|x64.Build.0 = Release|x64
		{FC734650-1874-4C2E-A8CD-27344D91AAB1}.Release|x86.ActiveCfg = Release|Win32
		{FC734650-1874-4C2E-A8CD-27344D91AAB1}.Release|x86.Build.0 = Release|Win32
		{06631B19-D12A-4410-A123-EC56670C0E0D}.Debug|x64.ActiveCfg = Debug|x64
		{06631B19-D12A-4410-A123-EC56670C0E0D}.Debug|x64.Build.0 = Debug|x64
		{06631B19-D12A-4410-A123-EC56670C0E0D}.Debug|x86.ActiveCfg = Debug|Win32
		{06631B19-D12A-4410-A123-EC56670C0E0D}.Debug|x86.Build.0 = Debug|Win32
		{06631B19-D12A-4410-A123-EC56670C0E0D}.Release|x64.ActiveCfg = Release|x64
		{06631B19-D12A-4410-A123-EC56670C0E0D}.Release|x64.Build.0 = Release|x64
		{06631B19-D12A-4410-A123-EC56670C0E0D}.Release|x86.ActiveCfg = Release|Win32
		{06631B19-D12A-4410-A123-EC56670C0E0D}.Release|x86.Build.0 = Release|Win32
	EndGlobalSection
	GlobalSection(SolutionProperties) = preSolution
		HideSolutionNode = FALSE
	EndGlobalSection
	GlobalSection(ExtensibilityGlobals) = postSolution
		SolutionGuid = {48C03EF8-B036-4312-967C-0CD49F272EED}
	EndGlobalSection
EndGlobal
